// !$*UTF8*$!
{
	archiveVersion = 1;
	classes = {
	};
	objectVersion = 51;
	objects = {

/* Begin PBXBuildFile section */
		671FD7102F94B15899901C4C /* Pods_FinalProject1.framework in Frameworks */ = {isa = PBXBuildFile; fileRef = 0296028E439F8F9D417824A5 /* Pods_FinalProject1.framework */; };
		9F60BB902603C944005C95A9 /* CategoryVC.swift in Sources */ = {isa = PBXBuildFile; fileRef = 9F60BB8F2603C944005C95A9 /* CategoryVC.swift */; };
		9F60BB942603CD03005C95A9 /* Model.swift in Sources */ = {isa = PBXBuildFile; fileRef = 9F60BB932603CD03005C95A9 /* Model.swift */; };
		9F60BB982603D31B005C95A9 /* CategoryCell.swift in Sources */ = {isa = PBXBuildFile; fileRef = 9F60BB972603D31B005C95A9 /* CategoryCell.swift */; };
		9FE0F39E2603C136002474A1 /* AppDelegate.swift in Sources */ = {isa = PBXBuildFile; fileRef = 9FE0F39D2603C136002474A1 /* AppDelegate.swift */; };
		9FE0F3A02603C136002474A1 /* SceneDelegate.swift in Sources */ = {isa = PBXBuildFile; fileRef = 9FE0F39F2603C136002474A1 /* SceneDelegate.swift */; };
		9FE0F3A22603C136002474A1 /* MainVC.swift in Sources */ = {isa = PBXBuildFile; fileRef = 9FE0F3A12603C136002474A1 /* MainVC.swift */; };
		9FE0F3A52603C136002474A1 /* Main.storyboard in Resources */ = {isa = PBXBuildFile; fileRef = 9FE0F3A32603C136002474A1 /* Main.storyboard */; };
		9FE0F3A72603C139002474A1 /* Assets.xcassets in Resources */ = {isa = PBXBuildFile; fileRef = 9FE0F3A62603C139002474A1 /* Assets.xcassets */; };
		9FE0F3AA2603C139002474A1 /* LaunchScreen.storyboard in Resources */ = {isa = PBXBuildFile; fileRef = 9FE0F3A82603C139002474A1 /* LaunchScreen.storyboard */; };
		9FEF5DD52607620E00B30E92 /* CategoriesLoader.swift in Sources */ = {isa = PBXBuildFile; fileRef = 9FEF5DD42607620E00B30E92 /* CategoriesLoader.swift */; };
		9FEF5DE12607A07500B30E92 /* SubCategoryesVC.swift in Sources */ = {isa = PBXBuildFile; fileRef = 9FEF5DE02607A07500B30E92 /* SubCategoryesVC.swift */; };
		9FEF5DE52607A0E900B30E92 /* SubCategoryCell.swift in Sources */ = {isa = PBXBuildFile; fileRef = 9FEF5DE42607A0E900B30E92 /* SubCategoryCell.swift */; };
/* End PBXBuildFile section */

/* Begin PBXFileReference section */
		0296028E439F8F9D417824A5 /* Pods_FinalProject1.framework */ = {isa = PBXFileReference; explicitFileType = wrapper.framework; includeInIndex = 0; path = Pods_FinalProject1.framework; sourceTree = BUILT_PRODUCTS_DIR; };
		9F60BB8F2603C944005C95A9 /* CategoryVC.swift */ = {isa = PBXFileReference; lastKnownFileType = sourcecode.swift; path = CategoryVC.swift; sourceTree = "<group>"; };
		9F60BB932603CD03005C95A9 /* Model.swift */ = {isa = PBXFileReference; lastKnownFileType = sourcecode.swift; path = Model.swift; sourceTree = "<group>"; };
		9F60BB972603D31B005C95A9 /* CategoryCell.swift */ = {isa = PBXFileReference; lastKnownFileType = sourcecode.swift; path = CategoryCell.swift; sourceTree = "<group>"; };
		9FE0F39A2603C136002474A1 /* FinalProject1.app */ = {isa = PBXFileReference; explicitFileType = wrapper.application; includeInIndex = 0; path = FinalProject1.app; sourceTree = BUILT_PRODUCTS_DIR; };
		9FE0F39D2603C136002474A1 /* AppDelegate.swift */ = {isa = PBXFileReference; lastKnownFileType = sourcecode.swift; path = AppDelegate.swift; sourceTree = "<group>"; };
		9FE0F39F2603C136002474A1 /* SceneDelegate.swift */ = {isa = PBXFileReference; lastKnownFileType = sourcecode.swift; path = SceneDelegate.swift; sourceTree = "<group>"; };
		9FE0F3A12603C136002474A1 /* MainVC.swift */ = {isa = PBXFileReference; lastKnownFileType = sourcecode.swift; path = MainVC.swift; sourceTree = "<group>"; };
		9FE0F3A42603C136002474A1 /* Base */ = {isa = PBXFileReference; lastKnownFileType = file.storyboard; name = Base; path = Base.lproj/Main.storyboard; sourceTree = "<group>"; };
		9FE0F3A62603C139002474A1 /* Assets.xcassets */ = {isa = PBXFileReference; lastKnownFileType = folder.assetcatalog; path = Assets.xcassets; sourceTree = "<group>"; };
		9FE0F3A92603C139002474A1 /* Base */ = {isa = PBXFileReference; lastKnownFileType = file.storyboard; name = Base; path = Base.lproj/LaunchScreen.storyboard; sourceTree = "<group>"; };
		9FE0F3AB2603C139002474A1 /* Info.plist */ = {isa = PBXFileReference; lastKnownFileType = text.plist.xml; path = Info.plist; sourceTree = "<group>"; };
		9FEF5DD42607620E00B30E92 /* CategoriesLoader.swift */ = {isa = PBXFileReference; lastKnownFileType = sourcecode.swift; path = CategoriesLoader.swift; sourceTree = "<group>"; };
		9FEF5DE02607A07500B30E92 /* SubCategoryesVC.swift */ = {isa = PBXFileReference; lastKnownFileType = sourcecode.swift; path = SubCategoryesVC.swift; sourceTree = "<group>"; };
		9FEF5DE42607A0E900B30E92 /* SubCategoryCell.swift */ = {isa = PBXFileReference; lastKnownFileType = sourcecode.swift; path = SubCategoryCell.swift; sourceTree = "<group>"; };
		CF44F9638ACFD239695BF44C /* Pods-FinalProject1.debug.xcconfig */ = {isa = PBXFileReference; includeInIndex = 1; lastKnownFileType = text.xcconfig; name = "Pods-FinalProject1.debug.xcconfig"; path = "Target Support Files/Pods-FinalProject1/Pods-FinalProject1.debug.xcconfig"; sourceTree = "<group>"; };
		F42812E06AD2126CB40D7283 /* Pods-FinalProject1.release.xcconfig */ = {isa = PBXFileReference; includeInIndex = 1; lastKnownFileType = text.xcconfig; name = "Pods-FinalProject1.release.xcconfig"; path = "Target Support Files/Pods-FinalProject1/Pods-FinalProject1.release.xcconfig"; sourceTree = "<group>"; };
/* End PBXFileReference section */

/* Begin PBXFrameworksBuildPhase section */
		9FE0F3972603C136002474A1 /* Frameworks */ = {
			isa = PBXFrameworksBuildPhase;
			buildActionMask = 2147483647;
			files = (
				671FD7102F94B15899901C4C /* Pods_FinalProject1.framework in Frameworks */,
			);
			runOnlyForDeploymentPostprocessing = 0;
		};
/* End PBXFrameworksBuildPhase section */

/* Begin PBXGroup section */
		4329997CB6AC6DDD3C2ABEB2 /* Frameworks */ = {
			isa = PBXGroup;
			children = (
				0296028E439F8F9D417824A5 /* Pods_FinalProject1.framework */,
			);
			name = Frameworks;
			sourceTree = "<group>";
		};
		9F2D7E072610E86D00C12F3D /* SubCategoryes */ = {
			isa = PBXGroup;
			children = (
				9FEF5DE02607A07500B30E92 /* SubCategoryesVC.swift */,
				9FEF5DE42607A0E900B30E92 /* SubCategoryCell.swift */,
			);
			path = SubCategoryes;
			sourceTree = "<group>";
		};
		9FE0F3912603C136002474A1 = {
			isa = PBXGroup;
			children = (
				9FE0F39C2603C136002474A1 /* FinalProject1 */,
				9FE0F39B2603C136002474A1 /* Products */,
				E477B58A182EC0D5892C54FA /* Pods */,
				4329997CB6AC6DDD3C2ABEB2 /* Frameworks */,
			);
			sourceTree = "<group>";
		};
		9FE0F39B2603C136002474A1 /* Products */ = {
			isa = PBXGroup;
			children = (
				9FE0F39A2603C136002474A1 /* FinalProject1.app */,
			);
			name = Products;
			sourceTree = "<group>";
		};
		9FE0F39C2603C136002474A1 /* FinalProject1 */ = {
			isa = PBXGroup;
			children = (
				9FE0F39D2603C136002474A1 /* AppDelegate.swift */,
				9FE0F39F2603C136002474A1 /* SceneDelegate.swift */,
				9FE0F3A12603C136002474A1 /* MainVC.swift */,
				9F60BB932603CD03005C95A9 /* Model.swift */,
				9FEF5DDC26079A9200B30E92 /* Categoryes */,
				9F2D7E072610E86D00C12F3D /* SubCategoryes */,
				9FE0F3A32603C136002474A1 /* Main.storyboard */,
				9FE0F3A62603C139002474A1 /* Assets.xcassets */,
				9FE0F3A82603C139002474A1 /* LaunchScreen.storyboard */,
				9FE0F3AB2603C139002474A1 /* Info.plist */,
			);
			path = FinalProject1;
			sourceTree = "<group>";
		};
		9FEF5DDC26079A9200B30E92 /* Categoryes */ = {
			isa = PBXGroup;
			children = (
				9F60BB8F2603C944005C95A9 /* CategoryVC.swift */,
				9FEF5DD42607620E00B30E92 /* CategoriesLoader.swift */,
				9F60BB972603D31B005C95A9 /* CategoryCell.swift */,
			);
			path = Categoryes;
			sourceTree = "<group>";
		};
		E477B58A182EC0D5892C54FA /* Pods */ = {
			isa = PBXGroup;
			children = (
				CF44F9638ACFD239695BF44C /* Pods-FinalProject1.debug.xcconfig */,
				F42812E06AD2126CB40D7283 /* Pods-FinalProject1.release.xcconfig */,
			);
			path = Pods;
			sourceTree = "<group>";
		};
/* End PBXGroup section */

/* Begin PBXNativeTarget section */
		9FE0F3992603C136002474A1 /* FinalProject1 */ = {
			isa = PBXNativeTarget;
			buildConfigurationList = 9FE0F3AE2603C139002474A1 /* Build configuration list for PBXNativeTarget "FinalProject1" */;
			buildPhases = (
				B44AC7ED6990D6C9D4BEF7DA /* [CP] Check Pods Manifest.lock */,
				9FE0F3962603C136002474A1 /* Sources */,
				9FE0F3972603C136002474A1 /* Frameworks */,
				9FE0F3982603C136002474A1 /* Resources */,
				26BAAEAAA8EEFD01E24B5C5B /* [CP] Embed Pods Frameworks */,
			);
			buildRules = (
			);
			dependencies = (
			);
			name = FinalProject1;
			productName = FinalProject1;
			productReference = 9FE0F39A2603C136002474A1 /* FinalProject1.app */;
			productType = "com.apple.product-type.application";
		};
/* End PBXNativeTarget section */

/* Begin PBXProject section */
		9FE0F3922603C136002474A1 /* Project object */ = {
			isa = PBXProject;
			attributes = {
				LastSwiftUpdateCheck = 1240;
				LastUpgradeCheck = 1240;
				TargetAttributes = {
					9FE0F3992603C136002474A1 = {
						CreatedOnToolsVersion = 12.4;
					};
				};
			};
			buildConfigurationList = 9FE0F3952603C136002474A1 /* Build configuration list for PBXProject "FinalProject1" */;
			compatibilityVersion = "Xcode 9.3";
			developmentRegion = en;
			hasScannedForEncodings = 0;
			knownRegions = (
				en,
				Base,
			);
			mainGroup = 9FE0F3912603C136002474A1;
			productRefGroup = 9FE0F39B2603C136002474A1 /* Products */;
			projectDirPath = "";
			projectRoot = "";
			targets = (
				9FE0F3992603C136002474A1 /* FinalProject1 */,
			);
		};
/* End PBXProject section */

/* Begin PBXResourcesBuildPhase section */
		9FE0F3982603C136002474A1 /* Resources */ = {
			isa = PBXResourcesBuildPhase;
			buildActionMask = 2147483647;
			files = (
				9FE0F3AA2603C139002474A1 /* LaunchScreen.storyboard in Resources */,
				9FE0F3A72603C139002474A1 /* Assets.xcassets in Resources */,
				9FE0F3A52603C136002474A1 /* Main.storyboard in Resources */,
			);
			runOnlyForDeploymentPostprocessing = 0;
		};
/* End PBXResourcesBuildPhase section */

/* Begin PBXShellScriptBuildPhase section */
		26BAAEAAA8EEFD01E24B5C5B /* [CP] Embed Pods Frameworks */ = {
			isa = PBXShellScriptBuildPhase;
			buildActionMask = 2147483647;
			files = (
			);
			inputFileListPaths = (
				"${PODS_ROOT}/Target Support Files/Pods-FinalProject1/Pods-FinalProject1-frameworks-${CONFIGURATION}-input-files.xcfilelist",
			);
			name = "[CP] Embed Pods Frameworks";
			outputFileListPaths = (
				"${PODS_ROOT}/Target Support Files/Pods-FinalProject1/Pods-FinalProject1-frameworks-${CONFIGURATION}-output-files.xcfilelist",
			);
			runOnlyForDeploymentPostprocessing = 0;
			shellPath = /bin/sh;
			shellScript = "\"${PODS_ROOT}/Target Support Files/Pods-FinalProject1/Pods-FinalProject1-frameworks.sh\"\n";
			showEnvVarsInLog = 0;
		};
		B44AC7ED6990D6C9D4BEF7DA /* [CP] Check Pods Manifest.lock */ = {
			isa = PBXShellScriptBuildPhase;
			buildActionMask = 2147483647;
			files = (
			);
			inputFileListPaths = (
			);
			inputPaths = (
				"${PODS_PODFILE_DIR_PATH}/Podfile.lock",
				"${PODS_ROOT}/Manifest.lock",
			);
			name = "[CP] Check Pods Manifest.lock";
			outputFileListPaths = (
			);
			outputPaths = (
				"$(DERIVED_FILE_DIR)/Pods-FinalProject1-checkManifestLockResult.txt",
			);
			runOnlyForDeploymentPostprocessing = 0;
			shellPath = /bin/sh;
			shellScript = "diff \"${PODS_PODFILE_DIR_PATH}/Podfile.lock\" \"${PODS_ROOT}/Manifest.lock\" > /dev/null\nif [ $? != 0 ] ; then\n    # print error to STDERR\n    echo \"error: The sandbox is not in sync with the Podfile.lock. Run 'pod install' or update your CocoaPods installation.\" >&2\n    exit 1\nfi\n# This output is used by Xcode 'outputs' to avoid re-running this script phase.\necho \"SUCCESS\" > \"${SCRIPT_OUTPUT_FILE_0}\"\n";
			showEnvVarsInLog = 0;
		};
/* End PBXShellScriptBuildPhase section */

/* Begin PBXSourcesBuildPhase section */
		9FE0F3962603C136002474A1 /* Sources */ = {
			isa = PBXSourcesBuildPhase;
			buildActionMask = 2147483647;
			files = (
				9F60BB942603CD03005C95A9 /* Model.swift in Sources */,
				9FEF5DE12607A07500B30E92 /* SubCategoryesVC.swift in Sources */,
				9FE0F3A22603C136002474A1 /* MainVC.swift in Sources */,
				9FEF5DD52607620E00B30E92 /* CategoriesLoader.swift in Sources */,
				9FE0F39E2603C136002474A1 /* AppDelegate.swift in Sources */,
				9F60BB902603C944005C95A9 /* CategoryVC.swift in Sources */,
				9FE0F3A02603C136002474A1 /* SceneDelegate.swift in Sources */,
				9FEF5DE52607A0E900B30E92 /* SubCategoryCell.swift in Sources */,
				9F60BB982603D31B005C95A9 /* CategoryCell.swift in Sources */,
			);
			runOnlyForDeploymentPostprocessing = 0;
		};
/* End PBXSourcesBuildPhase section */

/* Begin PBXVariantGroup section */
		9FE0F3A32603C136002474A1 /* Main.storyboard */ = {
			isa = PBXVariantGroup;
			children = (
				9FE0F3A42603C136002474A1 /* Base */,
			);
			name = Main.storyboard;
			sourceTree = "<group>";
		};
		9FE0F3A82603C139002474A1 /* LaunchScreen.storyboard */ = {
			isa = PBXVariantGroup;
			children = (
				9FE0F3A92603C139002474A1 /* Base */,
			);
			name = LaunchScreen.storyboard;
			sourceTree = "<group>";
		};
/* End PBXVariantGroup section */

/* Begin XCBuildConfiguration section */
		9FE0F3AC2603C139002474A1 /* Debug */ = {
			isa = XCBuildConfiguration;
			buildSettings = {
				ALWAYS_SEARCH_USER_PATHS = NO;
				CLANG_ANALYZER_NONNULL = YES;
				CLANG_ANALYZER_NUMBER_OBJECT_CONVERSION = YES_AGGRESSIVE;
				CLANG_CXX_LANGUAGE_STANDARD = "gnu++14";
				CLANG_CXX_LIBRARY = "libc++";
				CLANG_ENABLE_MODULES = YES;
				CLANG_ENABLE_OBJC_ARC = YES;
				CLANG_ENABLE_OBJC_WEAK = YES;
				CLANG_WARN_BLOCK_CAPTURE_AUTORELEASING = YES;
				CLANG_WARN_BOOL_CONVERSION = YES;
				CLANG_WARN_COMMA = YES;
				CLANG_WARN_CONSTANT_CONVERSION = YES;
				CLANG_WARN_DEPRECATED_OBJC_IMPLEMENTATIONS = YES;
				CLANG_WARN_DIRECT_OBJC_ISA_USAGE = YES_ERROR;
				CLANG_WARN_DOCUMENTATION_COMMENTS = YES;
				CLANG_WARN_EMPTY_BODY = YES;
				CLANG_WARN_ENUM_CONVERSION = YES;
				CLANG_WARN_INFINITE_RECURSION = YES;
				CLANG_WARN_INT_CONVERSION = YES;
				CLANG_WARN_NON_LITERAL_NULL_CONVERSION = YES;
				CLANG_WARN_OBJC_IMPLICIT_RETAIN_SELF = YES;
				CLANG_WARN_OBJC_LITERAL_CONVERSION = YES;
				CLANG_WARN_OBJC_ROOT_CLASS = YES_ERROR;
				CLANG_WARN_QUOTED_INCLUDE_IN_FRAMEWORK_HEADER = YES;
				CLANG_WARN_RANGE_LOOP_ANALYSIS = YES;
				CLANG_WARN_STRICT_PROTOTYPES = YES;
				CLANG_WARN_SUSPICIOUS_MOVE = YES;
				CLANG_WARN_UNGUARDED_AVAILABILITY = YES_AGGRESSIVE;
				CLANG_WARN_UNREACHABLE_CODE = YES;
				CLANG_WARN__DUPLICATE_METHOD_MATCH = YES;
				COPY_PHASE_STRIP = NO;
				DEBUG_INFORMATION_FORMAT = dwarf;
				ENABLE_STRICT_OBJC_MSGSEND = YES;
				ENABLE_TESTABILITY = YES;
				GCC_C_LANGUAGE_STANDARD = gnu11;
				GCC_DYNAMIC_NO_PIC = NO;
				GCC_NO_COMMON_BLOCKS = YES;
				GCC_OPTIMIZATION_LEVEL = 0;
				GCC_PREPROCESSOR_DEFINITIONS = (
					"DEBUG=1",
					"$(inherited)",
				);
				GCC_WARN_64_TO_32_BIT_CONVERSION = YES;
				GCC_WARN_ABOUT_RETURN_TYPE = YES_ERROR;
				GCC_WARN_UNDECLARED_SELECTOR = YES;
				GCC_WARN_UNINITIALIZED_AUTOS = YES_AGGRESSIVE;
				GCC_WARN_UNUSED_FUNCTION = YES;
				GCC_WARN_UNUSED_VARIABLE = YES;
				IPHONEOS_DEPLOYMENT_TARGET = 14.4;
				MTL_ENABLE_DEBUG_INFO = INCLUDE_SOURCE;
				MTL_FAST_MATH = YES;
				ONLY_ACTIVE_ARCH = YES;
				SDKROOT = iphoneos;
				SWIFT_ACTIVE_COMPILATION_CONDITIONS = DEBUG;
				SWIFT_OPTIMIZATION_LEVEL = "-Onone";
			};
			name = Debug;
		};
		9FE0F3AD2603C139002474A1 /* Release */ = {
			isa = XCBuildConfiguration;
			buildSettings = {
				ALWAYS_SEARCH_USER_PATHS = NO;
				CLANG_ANALYZER_NONNULL = YES;
				CLANG_ANALYZER_NUMBER_OBJECT_CONVERSION = YES_AGGRESSIVE;
				CLANG_CXX_LANGUAGE_STANDARD = "gnu++14";
				CLANG_CXX_LIBRARY = "libc++";
				CLANG_ENABLE_MODULES = YES;
				CLANG_ENABLE_OBJC_ARC = YES;
				CLANG_ENABLE_OBJC_WEAK = YES;
				CLANG_WARN_BLOCK_CAPTURE_AUTORELEASING = YES;
				CLANG_WARN_BOOL_CONVERSION = YES;
				CLANG_WARN_COMMA = YES;
				CLANG_WARN_CONSTANT_CONVERSION = YES;
				CLANG_WARN_DEPRECATED_OBJC_IMPLEMENTATIONS = YES;
				CLANG_WARN_DIRECT_OBJC_ISA_USAGE = YES_ERROR;
				CLANG_WARN_DOCUMENTATION_COMMENTS = YES;
				CLANG_WARN_EMPTY_BODY = YES;
				CLANG_WARN_ENUM_CONVERSION = YES;
				CLANG_WARN_INFINITE_RECURSION = YES;
				CLANG_WARN_INT_CONVERSION = YES;
				CLANG_WARN_NON_LITERAL_NULL_CONVERSION = YES;
				CLANG_WARN_OBJC_IMPLICIT_RETAIN_SELF = YES;
				CLANG_WARN_OBJC_LITERAL_CONVERSION = YES;
				CLANG_WARN_OBJC_ROOT_CLASS = YES_ERROR;
				CLANG_WARN_QUOTED_INCLUDE_IN_FRAMEWORK_HEADER = YES;
				CLANG_WARN_RANGE_LOOP_ANALYSIS = YES;
				CLANG_WARN_STRICT_PROTOTYPES = YES;
				CLANG_WARN_SUSPICIOUS_MOVE = YES;
				CLANG_WARN_UNGUARDED_AVAILABILITY = YES_AGGRESSIVE;
				CLANG_WARN_UNREACHABLE_CODE = YES;
				CLANG_WARN__DUPLICATE_METHOD_MATCH = YES;
				COPY_PHASE_STRIP = NO;
				DEBUG_INFORMATION_FORMAT = "dwarf-with-dsym";
				ENABLE_NS_ASSERTIONS = NO;
				ENABLE_STRICT_OBJC_MSGSEND = YES;
				GCC_C_LANGUAGE_STANDARD = gnu11;
				GCC_NO_COMMON_BLOCKS = YES;
				GCC_WARN_64_TO_32_BIT_CONVERSION = YES;
				GCC_WARN_ABOUT_RETURN_TYPE = YES_ERROR;
				GCC_WARN_UNDECLARED_SELECTOR = YES;
				GCC_WARN_UNINITIALIZED_AUTOS = YES_AGGRESSIVE;
				GCC_WARN_UNUSED_FUNCTION = YES;
				GCC_WARN_UNUSED_VARIABLE = YES;
				IPHONEOS_DEPLOYMENT_TARGET = 14.4;
				MTL_ENABLE_DEBUG_INFO = NO;
				MTL_FAST_MATH = YES;
				SDKROOT = iphoneos;
				SWIFT_COMPILATION_MODE = wholemodule;
				SWIFT_OPTIMIZATION_LEVEL = "-O";
				VALIDATE_PRODUCT = YES;
			};
			name = Release;
		};
		9FE0F3AF2603C139002474A1 /* Debug */ = {
			isa = XCBuildConfiguration;
			baseConfigurationReference = CF44F9638ACFD239695BF44C /* Pods-FinalProject1.debug.xcconfig */;
			buildSettings = {
				ASSETCATALOG_COMPILER_APPICON_NAME = AppIcon;
				ASSETCATALOG_COMPILER_GLOBAL_ACCENT_COLOR_NAME = AccentColor;
				CODE_SIGN_STYLE = Automatic;
				DEVELOPMENT_TEAM = Y2677GKBJN;
				INFOPLIST_FILE = FinalProject1/Info.plist;
				LD_RUNPATH_SEARCH_PATHS = (
					"$(inherited)",
					"@executable_path/Frameworks",
				);
				PRODUCT_BUNDLE_IDENTIFIER = "Vladimir-Karsakov.FinalProject1";
				PRODUCT_NAME = "$(TARGET_NAME)";
				SWIFT_VERSION = 5.0;
				TARGETED_DEVICE_FAMILY = "1,2";
			};
			name = Debug;
		};
		9FE0F3B02603C139002474A1 /* Release */ = {
			isa = XCBuildConfiguration;
			baseConfigurationReference = F42812E06AD2126CB40D7283 /* Pods-FinalProject1.release.xcconfig */;
			buildSettings = {
				ASSETCATALOG_COMPILER_APPICON_NAME = AppIcon;
				ASSETCATALOG_COMPILER_GLOBAL_ACCENT_COLOR_NAME = AccentColor;
				CODE_SIGN_STYLE = Automatic;
				DEVELOPMENT_TEAM = Y2677GKBJN;
				INFOPLIST_FILE = FinalProject1/Info.plist;
				LD_RUNPATH_SEARCH_PATHS = (
					"$(inherited)",
					"@executable_path/Frameworks",
				);
				PRODUCT_BUNDLE_IDENTIFIER = "Vladimir-Karsakov.FinalProject1";
				PRODUCT_NAME = "$(TARGET_NAME)";
				SWIFT_VERSION = 5.0;
				TARGETED_DEVICE_FAMILY = "1,2";
			};
			name = Release;
		};
/* End XCBuildConfiguration section */

/* Begin XCConfigurationList section */
		9FE0F3952603C136002474A1 /* Build configuration list for PBXProject "FinalProject1" */ = {
			isa = XCConfigurationList;
			buildConfigurations = (
				9FE0F3AC2603C139002474A1 /* Debug */,
				9FE0F3AD2603C139002474A1 /* Release */,
			);
			defaultConfigurationIsVisible = 0;
			defaultConfigurationName = Release;
		};
		9FE0F3AE2603C139002474A1 /* Build configuration list for PBXNativeTarget "FinalProject1" */ = {
			isa = XCConfigurationList;
			buildConfigurations = (
				9FE0F3AF2603C139002474A1 /* Debug */,
				9FE0F3B02603C139002474A1 /* Release */,
			);
			defaultConfigurationIsVisible = 0;
			defaultConfigurationName = Release;
		};
/* End XCConfigurationList section */
	};
	rootObject = 9FE0F3922603C136002474A1 /* Project object */;
}
